// !$*UTF8*$!
{
	archiveVersion = 1;
	classes = {
	};
	objectVersion = 50;
	objects = {

/* Begin PBXBuildFile section */
		7DCBDC16255AAEE60037CB10 /* AppDelegate.swift in Sources */ = {isa = PBXBuildFile; fileRef = 7DCBDC15255AAEE60037CB10 /* AppDelegate.swift */; };
		7DCBDC18255AAEE60037CB10 /* SceneDelegate.swift in Sources */ = {isa = PBXBuildFile; fileRef = 7DCBDC17255AAEE60037CB10 /* SceneDelegate.swift */; };
		7DCBDC1A255AAEE60037CB10 /* ViewController.swift in Sources */ = {isa = PBXBuildFile; fileRef = 7DCBDC19255AAEE60037CB10 /* ViewController.swift */; };
		7DCBDC1D255AAEE60037CB10 /* Main.storyboard in Resources */ = {isa = PBXBuildFile; fileRef = 7DCBDC1B255AAEE60037CB10 /* Main.storyboard */; };
		7DCBDC1F255AAEEA0037CB10 /* Assets.xcassets in Resources */ = {isa = PBXBuildFile; fileRef = 7DCBDC1E255AAEEA0037CB10 /* Assets.xcassets */; };
		7DCBDC22255AAEEA0037CB10 /* LaunchScreen.storyboard in Resources */ = {isa = PBXBuildFile; fileRef = 7DCBDC20255AAEEA0037CB10 /* LaunchScreen.storyboard */; };
		7DCBDC2D255AAEEB0037CB10 /* MVVM_NikitaTests.swift in Sources */ = {isa = PBXBuildFile; fileRef = 7DCBDC2C255AAEEB0037CB10 /* MVVM_NikitaTests.swift */; };
		7DCBDC38255AAEEB0037CB10 /* MVVM_NikitaUITests.swift in Sources */ = {isa = PBXBuildFile; fileRef = 7DCBDC37255AAEEB0037CB10 /* MVVM_NikitaUITests.swift */; };
/* End PBXBuildFile section */

/* Begin PBXContainerItemProxy section */
		7DCBDC29255AAEEB0037CB10 /* PBXContainerItemProxy */ = {
			isa = PBXContainerItemProxy;
			containerPortal = 7DCBDC0A255AAEE60037CB10 /* Project object */;
			proxyType = 1;
			remoteGlobalIDString = 7DCBDC11255AAEE60037CB10;
			remoteInfo = "MVVM Nikita";
		};
		7DCBDC34255AAEEB0037CB10 /* PBXContainerItemProxy */ = {
			isa = PBXContainerItemProxy;
			containerPortal = 7DCBDC0A255AAEE60037CB10 /* Project object */;
			proxyType = 1;
			remoteGlobalIDString = 7DCBDC11255AAEE60037CB10;
			remoteInfo = "MVVM Nikita";
		};
/* End PBXContainerItemProxy section */

/* Begin PBXFileReference section */
		7DCBDC12255AAEE60037CB10 /* MVVM Nikita.app */ = {isa = PBXFileReference; explicitFileType = wrapper.application; includeInIndex = 0; path = "MVVM Nikita.app"; sourceTree = BUILT_PRODUCTS_DIR; };
		7DCBDC15255AAEE60037CB10 /* AppDelegate.swift */ = {isa = PBXFileReference; lastKnownFileType = sourcecode.swift; path = AppDelegate.swift; sourceTree = "<group>"; };
		7DCBDC17255AAEE60037CB10 /* SceneDelegate.swift */ = {isa = PBXFileReference; lastKnownFileType = sourcecode.swift; path = SceneDelegate.swift; sourceTree = "<group>"; };
		7DCBDC19255AAEE60037CB10 /* ViewController.swift */ = {isa = PBXFileReference; lastKnownFileType = sourcecode.swift; path = ViewController.swift; sourceTree = "<group>"; };
		7DCBDC1C255AAEE60037CB10 /* Base */ = {isa = PBXFileReference; lastKnownFileType = file.storyboard; name = Base; path = Base.lproj/Main.storyboard; sourceTree = "<group>"; };
		7DCBDC1E255AAEEA0037CB10 /* Assets.xcassets */ = {isa = PBXFileReference; lastKnownFileType = folder.assetcatalog; path = Assets.xcassets; sourceTree = "<group>"; };
		7DCBDC21255AAEEA0037CB10 /* Base */ = {isa = PBXFileReference; lastKnownFileType = file.storyboard; name = Base; path = Base.lproj/LaunchScreen.storyboard; sourceTree = "<group>"; };
		7DCBDC23255AAEEA0037CB10 /* Info.plist */ = {isa = PBXFileReference; lastKnownFileType = text.plist.xml; path = Info.plist; sourceTree = "<group>"; };
		7DCBDC28255AAEEB0037CB10 /* MVVM NikitaTests.xctest */ = {isa = PBXFileReference; explicitFileType = wrapper.cfbundle; includeInIndex = 0; path = "MVVM NikitaTests.xctest"; sourceTree = BUILT_PRODUCTS_DIR; };
		7DCBDC2C255AAEEB0037CB10 /* MVVM_NikitaTests.swift */ = {isa = PBXFileReference; lastKnownFileType = sourcecode.swift; path = MVVM_NikitaTests.swift; sourceTree = "<group>"; };
		7DCBDC2E255AAEEB0037CB10 /* Info.plist */ = {isa = PBXFileReference; lastKnownFileType = text.plist.xml; path = Info.plist; sourceTree = "<group>"; };
		7DCBDC33255AAEEB0037CB10 /* MVVM NikitaUITests.xctest */ = {isa = PBXFileReference; explicitFileType = wrapper.cfbundle; includeInIndex = 0; path = "MVVM NikitaUITests.xctest"; sourceTree = BUILT_PRODUCTS_DIR; };
		7DCBDC37255AAEEB0037CB10 /* MVVM_NikitaUITests.swift */ = {isa = PBXFileReference; lastKnownFileType = sourcecode.swift; path = MVVM_NikitaUITests.swift; sourceTree = "<group>"; };
		7DCBDC39255AAEEB0037CB10 /* Info.plist */ = {isa = PBXFileReference; lastKnownFileType = text.plist.xml; path = Info.plist; sourceTree = "<group>"; };
/* End PBXFileReference section */

/* Begin PBXFrameworksBuildPhase section */
		7DCBDC0F255AAEE60037CB10 /* Frameworks */ = {
			isa = PBXFrameworksBuildPhase;
			buildActionMask = 2147483647;
			files = (
			);
			runOnlyForDeploymentPostprocessing = 0;
		};
		7DCBDC25255AAEEB0037CB10 /* Frameworks */ = {
			isa = PBXFrameworksBuildPhase;
			buildActionMask = 2147483647;
			files = (
			);
			runOnlyForDeploymentPostprocessing = 0;
		};
		7DCBDC30255AAEEB0037CB10 /* Frameworks */ = {
			isa = PBXFrameworksBuildPhase;
			buildActionMask = 2147483647;
			files = (
			);
			runOnlyForDeploymentPostprocessing = 0;
		};
/* End PBXFrameworksBuildPhase section */

/* Begin PBXGroup section */
		7DCBDC09255AAEE60037CB10 = {
			isa = PBXGroup;
			children = (
				7DCBDC14255AAEE60037CB10 /* MVVM Nikita */,
				7DCBDC2B255AAEEB0037CB10 /* MVVM NikitaTests */,
				7DCBDC36255AAEEB0037CB10 /* MVVM NikitaUITests */,
				7DCBDC13255AAEE60037CB10 /* Products */,
			);
			sourceTree = "<group>";
		};
		7DCBDC13255AAEE60037CB10 /* Products */ = {
			isa = PBXGroup;
			children = (
				7DCBDC12255AAEE60037CB10 /* MVVM Nikita.app */,
				7DCBDC28255AAEEB0037CB10 /* MVVM NikitaTests.xctest */,
				7DCBDC33255AAEEB0037CB10 /* MVVM NikitaUITests.xctest */,
			);
			name = Products;
			sourceTree = "<group>";
		};
		7DCBDC14255AAEE60037CB10 /* MVVM Nikita */ = {
			isa = PBXGroup;
			children = (
				7DCBDC15255AAEE60037CB10 /* AppDelegate.swift */,
				7DCBDC17255AAEE60037CB10 /* SceneDelegate.swift */,
				7DCBDC19255AAEE60037CB10 /* ViewController.swift */,
				7DCBDC1B255AAEE60037CB10 /* Main.storyboard */,
				7DCBDC1E255AAEEA0037CB10 /* Assets.xcassets */,
				7DCBDC20255AAEEA0037CB10 /* LaunchScreen.storyboard */,
				7DCBDC23255AAEEA0037CB10 /* Info.plist */,
			);
			path = "MVVM Nikita";
			sourceTree = "<group>";
		};
		7DCBDC2B255AAEEB0037CB10 /* MVVM NikitaTests */ = {
			isa = PBXGroup;
			children = (
				7DCBDC2C255AAEEB0037CB10 /* MVVM_NikitaTests.swift */,
				7DCBDC2E255AAEEB0037CB10 /* Info.plist */,
			);
			path = "MVVM NikitaTests";
			sourceTree = "<group>";
		};
		7DCBDC36255AAEEB0037CB10 /* MVVM NikitaUITests */ = {
			isa = PBXGroup;
			children = (
				7DCBDC37255AAEEB0037CB10 /* MVVM_NikitaUITests.swift */,
				7DCBDC39255AAEEB0037CB10 /* Info.plist */,
			);
			path = "MVVM NikitaUITests";
			sourceTree = "<group>";
		};
/* End PBXGroup section */

/* Begin PBXNativeTarget section */
		7DCBDC11255AAEE60037CB10 /* MVVM Nikita */ = {
			isa = PBXNativeTarget;
			buildConfigurationList = 7DCBDC3C255AAEEB0037CB10 /* Build configuration list for PBXNativeTarget "MVVM Nikita" */;
			buildPhases = (
				7DCBDC0E255AAEE60037CB10 /* Sources */,
				7DCBDC0F255AAEE60037CB10 /* Frameworks */,
				7DCBDC10255AAEE60037CB10 /* Resources */,
			);
			buildRules = (
			);
			dependencies = (
			);
			name = "MVVM Nikita";
			productName = "MVVM Nikita";
			productReference = 7DCBDC12255AAEE60037CB10 /* MVVM Nikita.app */;
			productType = "com.apple.product-type.application";
		};
		7DCBDC27255AAEEB0037CB10 /* MVVM NikitaTests */ = {
			isa = PBXNativeTarget;
			buildConfigurationList = 7DCBDC3F255AAEEB0037CB10 /* Build configuration list for PBXNativeTarget "MVVM NikitaTests" */;
			buildPhases = (
				7DCBDC24255AAEEB0037CB10 /* Sources */,
				7DCBDC25255AAEEB0037CB10 /* Frameworks */,
				7DCBDC26255AAEEB0037CB10 /* Resources */,
			);
			buildRules = (
			);
			dependencies = (
				7DCBDC2A255AAEEB0037CB10 /* PBXTargetDependency */,
			);
			name = "MVVM NikitaTests";
			productName = "MVVM NikitaTests";
			productReference = 7DCBDC28255AAEEB0037CB10 /* MVVM NikitaTests.xctest */;
			productType = "com.apple.product-type.bundle.unit-test";
		};
		7DCBDC32255AAEEB0037CB10 /* MVVM NikitaUITests */ = {
			isa = PBXNativeTarget;
			buildConfigurationList = 7DCBDC42255AAEEB0037CB10 /* Build configuration list for PBXNativeTarget "MVVM NikitaUITests" */;
			buildPhases = (
				7DCBDC2F255AAEEB0037CB10 /* Sources */,
				7DCBDC30255AAEEB0037CB10 /* Frameworks */,
				7DCBDC31255AAEEB0037CB10 /* Resources */,
			);
			buildRules = (
			);
			dependencies = (
				7DCBDC35255AAEEB0037CB10 /* PBXTargetDependency */,
			);
			name = "MVVM NikitaUITests";
			productName = "MVVM NikitaUITests";
			productReference = 7DCBDC33255AAEEB0037CB10 /* MVVM NikitaUITests.xctest */;
			productType = "com.apple.product-type.bundle.ui-testing";
		};
/* End PBXNativeTarget section */

/* Begin PBXProject section */
		7DCBDC0A255AAEE60037CB10 /* Project object */ = {
			isa = PBXProject;
			attributes = {
				LastSwiftUpdateCheck = 1210;
				LastUpgradeCheck = 1210;
				TargetAttributes = {
					7DCBDC11255AAEE60037CB10 = {
						CreatedOnToolsVersion = 12.1;
					};
					7DCBDC27255AAEEB0037CB10 = {
						CreatedOnToolsVersion = 12.1;
						TestTargetID = 7DCBDC11255AAEE60037CB10;
					};
					7DCBDC32255AAEEB0037CB10 = {
						CreatedOnToolsVersion = 12.1;
						TestTargetID = 7DCBDC11255AAEE60037CB10;
					};
				};
			};
			buildConfigurationList = 7DCBDC0D255AAEE60037CB10 /* Build configuration list for PBXProject "MVVM Nikita" */;
			compatibilityVersion = "Xcode 9.3";
			developmentRegion = en;
			hasScannedForEncodings = 0;
			knownRegions = (
				en,
				Base,
			);
			mainGroup = 7DCBDC09255AAEE60037CB10;
			productRefGroup = 7DCBDC13255AAEE60037CB10 /* Products */;
			projectDirPath = "";
			projectRoot = "";
			targets = (
				7DCBDC11255AAEE60037CB10 /* MVVM Nikita */,
				7DCBDC27255AAEEB0037CB10 /* MVVM NikitaTests */,
				7DCBDC32255AAEEB0037CB10 /* MVVM NikitaUITests */,
			);
		};
/* End PBXProject section */

/* Begin PBXResourcesBuildPhase section */
		7DCBDC10255AAEE60037CB10 /* Resources */ = {
			isa = PBXResourcesBuildPhase;
			buildActionMask = 2147483647;
			files = (
				7DCBDC22255AAEEA0037CB10 /* LaunchScreen.storyboard in Resources */,
				7DCBDC1F255AAEEA0037CB10 /* Assets.xcassets in Resources */,
				7DCBDC1D255AAEE60037CB10 /* Main.storyboard in Resources */,
			);
			runOnlyForDeploymentPostprocessing = 0;
		};
		7DCBDC26255AAEEB0037CB10 /* Resources */ = {
			isa = PBXResourcesBuildPhase;
			buildActionMask = 2147483647;
			files = (
			);
			runOnlyForDeploymentPostprocessing = 0;
		};
		7DCBDC31255AAEEB0037CB10 /* Resources */ = {
			isa = PBXResourcesBuildPhase;
			buildActionMask = 2147483647;
			files = (
			);
			runOnlyForDeploymentPostprocessing = 0;
		};
/* End PBXResourcesBuildPhase section */

/* Begin PBXSourcesBuildPhase section */
		7DCBDC0E255AAEE60037CB10 /* Sources */ = {
			isa = PBXSourcesBuildPhase;
			buildActionMask = 2147483647;
			files = (
				7DCBDC1A255AAEE60037CB10 /* ViewController.swift in Sources */,
				7DCBDC16255AAEE60037CB10 /* AppDelegate.swift in Sources */,
				7DCBDC18255AAEE60037CB10 /* SceneDelegate.swift in Sources */,
			);
			runOnlyForDeploymentPostprocessing = 0;
		};
		7DCBDC24255AAEEB0037CB10 /* Sources */ = {
			isa = PBXSourcesBuildPhase;
			buildActionMask = 2147483647;
			files = (
				7DCBDC2D255AAEEB0037CB10 /* MVVM_NikitaTests.swift in Sources */,
			);
			runOnlyForDeploymentPostprocessing = 0;
		};
		7DCBDC2F255AAEEB0037CB10 /* Sources */ = {
			isa = PBXSourcesBuildPhase;
			buildActionMask = 2147483647;
			files = (
				7DCBDC38255AAEEB0037CB10 /* MVVM_NikitaUITests.swift in Sources */,
			);
			runOnlyForDeploymentPostprocessing = 0;
		};
/* End PBXSourcesBuildPhase section */

/* Begin PBXTargetDependency section */
		7DCBDC2A255AAEEB0037CB10 /* PBXTargetDependency */ = {
			isa = PBXTargetDependency;
			target = 7DCBDC11255AAEE60037CB10 /* MVVM Nikita */;
			targetProxy = 7DCBDC29255AAEEB0037CB10 /* PBXContainerItemProxy */;
		};
		7DCBDC35255AAEEB0037CB10 /* PBXTargetDependency */ = {
			isa = PBXTargetDependency;
			target = 7DCBDC11255AAEE60037CB10 /* MVVM Nikita */;
			targetProxy = 7DCBDC34255AAEEB0037CB10 /* PBXContainerItemProxy */;
		};
/* End PBXTargetDependency section */

/* Begin PBXVariantGroup section */
		7DCBDC1B255AAEE60037CB10 /* Main.storyboard */ = {
			isa = PBXVariantGroup;
			children = (
				7DCBDC1C255AAEE60037CB10 /* Base */,
			);
			name = Main.storyboard;
			sourceTree = "<group>";
		};
		7DCBDC20255AAEEA0037CB10 /* LaunchScreen.storyboard */ = {
			isa = PBXVariantGroup;
			children = (
				7DCBDC21255AAEEA0037CB10 /* Base */,
			);
			name = LaunchScreen.storyboard;
			sourceTree = "<group>";
		};
/* End PBXVariantGroup section */

/* Begin XCBuildConfiguration section */
		7DCBDC3A255AAEEB0037CB10 /* Debug */ = {
			isa = XCBuildConfiguration;
			buildSettings = {
				ALWAYS_SEARCH_USER_PATHS = NO;
				CLANG_ANALYZER_NONNULL = YES;
				CLANG_ANALYZER_NUMBER_OBJECT_CONVERSION = YES_AGGRESSIVE;
				CLANG_CXX_LANGUAGE_STANDARD = "gnu++14";
				CLANG_CXX_LIBRARY = "libc++";
				CLANG_ENABLE_MODULES = YES;
				CLANG_ENABLE_OBJC_ARC = YES;
				CLANG_ENABLE_OBJC_WEAK = YES;
				CLANG_WARN_BLOCK_CAPTURE_AUTORELEASING = YES;
				CLANG_WARN_BOOL_CONVERSION = YES;
				CLANG_WARN_COMMA = YES;
				CLANG_WARN_CONSTANT_CONVERSION = YES;
				CLANG_WARN_DEPRECATED_OBJC_IMPLEMENTATIONS = YES;
				CLANG_WARN_DIRECT_OBJC_ISA_USAGE = YES_ERROR;
				CLANG_WARN_DOCUMENTATION_COMMENTS = YES;
				CLANG_WARN_EMPTY_BODY = YES;
				CLANG_WARN_ENUM_CONVERSION = YES;
				CLANG_WARN_INFINITE_RECURSION = YES;
				CLANG_WARN_INT_CONVERSION = YES;
				CLANG_WARN_NON_LITERAL_NULL_CONVERSION = YES;
				CLANG_WARN_OBJC_IMPLICIT_RETAIN_SELF = YES;
				CLANG_WARN_OBJC_LITERAL_CONVERSION = YES;
				CLANG_WARN_OBJC_ROOT_CLASS = YES_ERROR;
				CLANG_WARN_QUOTED_INCLUDE_IN_FRAMEWORK_HEADER = YES;
				CLANG_WARN_RANGE_LOOP_ANALYSIS = YES;
				CLANG_WARN_STRICT_PROTOTYPES = YES;
				CLANG_WARN_SUSPICIOUS_MOVE = YES;
				CLANG_WARN_UNGUARDED_AVAILABILITY = YES_AGGRESSIVE;
				CLANG_WARN_UNREACHABLE_CODE = YES;
				CLANG_WARN__DUPLICATE_METHOD_MATCH = YES;
				COPY_PHASE_STRIP = NO;
				DEBUG_INFORMATION_FORMAT = dwarf;
				ENABLE_STRICT_OBJC_MSGSEND = YES;
				ENABLE_TESTABILITY = YES;
				GCC_C_LANGUAGE_STANDARD = gnu11;
				GCC_DYNAMIC_NO_PIC = NO;
				GCC_NO_COMMON_BLOCKS = YES;
				GCC_OPTIMIZATION_LEVEL = 0;
				GCC_PREPROCESSOR_DEFINITIONS = (
					"DEBUG=1",
					"$(inherited)",
				);
				GCC_WARN_64_TO_32_BIT_CONVERSION = YES;
				GCC_WARN_ABOUT_RETURN_TYPE = YES_ERROR;
				GCC_WARN_UNDECLARED_SELECTOR = YES;
				GCC_WARN_UNINITIALIZED_AUTOS = YES_AGGRESSIVE;
				GCC_WARN_UNUSED_FUNCTION = YES;
				GCC_WARN_UNUSED_VARIABLE = YES;
				IPHONEOS_DEPLOYMENT_TARGET = 14.1;
				MTL_ENABLE_DEBUG_INFO = INCLUDE_SOURCE;
				MTL_FAST_MATH = YES;
				ONLY_ACTIVE_ARCH = YES;
				SDKROOT = iphoneos;
				SWIFT_ACTIVE_COMPILATION_CONDITIONS = DEBUG;
				SWIFT_OPTIMIZATION_LEVEL = "-Onone";
			};
			name = Debug;
		};
		7DCBDC3B255AAEEB0037CB10 /* Release */ = {
			isa = XCBuildConfiguration;
			buildSettings = {
				ALWAYS_SEARCH_USER_PATHS = NO;
				CLANG_ANALYZER_NONNULL = YES;
				CLANG_ANALYZER_NUMBER_OBJECT_CONVERSION = YES_AGGRESSIVE;
				CLANG_CXX_LANGUAGE_STANDARD = "gnu++14";
				CLANG_CXX_LIBRARY = "libc++";
				CLANG_ENABLE_MODULES = YES;
				CLANG_ENABLE_OBJC_ARC = YES;
				CLANG_ENABLE_OBJC_WEAK = YES;
				CLANG_WARN_BLOCK_CAPTURE_AUTORELEASING = YES;
				CLANG_WARN_BOOL_CONVERSION = YES;
				CLANG_WARN_COMMA = YES;
				CLANG_WARN_CONSTANT_CONVERSION = YES;
				CLANG_WARN_DEPRECATED_OBJC_IMPLEMENTATIONS = YES;
				CLANG_WARN_DIRECT_OBJC_ISA_USAGE = YES_ERROR;
				CLANG_WARN_DOCUMENTATION_COMMENTS = YES;
				CLANG_WARN_EMPTY_BODY = YES;
				CLANG_WARN_ENUM_CONVERSION = YES;
				CLANG_WARN_INFINITE_RECURSION = YES;
				CLANG_WARN_INT_CONVERSION = YES;
				CLANG_WARN_NON_LITERAL_NULL_CONVERSION = YES;
				CLANG_WARN_OBJC_IMPLICIT_RETAIN_SELF = YES;
				CLANG_WARN_OBJC_LITERAL_CONVERSION = YES;
				CLANG_WARN_OBJC_ROOT_CLASS = YES_ERROR;
				CLANG_WARN_QUOTED_INCLUDE_IN_FRAMEWORK_HEADER = YES;
				CLANG_WARN_RANGE_LOOP_ANALYSIS = YES;
				CLANG_WARN_STRICT_PROTOTYPES = YES;
				CLANG_WARN_SUSPICIOUS_MOVE = YES;
				CLANG_WARN_UNGUARDED_AVAILABILITY = YES_AGGRESSIVE;
				CLANG_WARN_UNREACHABLE_CODE = YES;
				CLANG_WARN__DUPLICATE_METHOD_MATCH = YES;
				COPY_PHASE_STRIP = NO;
				DEBUG_INFORMATION_FORMAT = "dwarf-with-dsym";
				ENABLE_NS_ASSERTIONS = NO;
				ENABLE_STRICT_OBJC_MSGSEND = YES;
				GCC_C_LANGUAGE_STANDARD = gnu11;
				GCC_NO_COMMON_BLOCKS = YES;
				GCC_WARN_64_TO_32_BIT_CONVERSION = YES;
				GCC_WARN_ABOUT_RETURN_TYPE = YES_ERROR;
				GCC_WARN_UNDECLARED_SELECTOR = YES;
				GCC_WARN_UNINITIALIZED_AUTOS = YES_AGGRESSIVE;
				GCC_WARN_UNUSED_FUNCTION = YES;
				GCC_WARN_UNUSED_VARIABLE = YES;
				IPHONEOS_DEPLOYMENT_TARGET = 14.1;
				MTL_ENABLE_DEBUG_INFO = NO;
				MTL_FAST_MATH = YES;
				SDKROOT = iphoneos;
				SWIFT_COMPILATION_MODE = wholemodule;
				SWIFT_OPTIMIZATION_LEVEL = "-O";
				VALIDATE_PRODUCT = YES;
			};
			name = Release;
		};
		7DCBDC3D255AAEEB0037CB10 /* Debug */ = {
			isa = XCBuildConfiguration;
			buildSettings = {
				ASSETCATALOG_COMPILER_APPICON_NAME = AppIcon;
				ASSETCATALOG_COMPILER_GLOBAL_ACCENT_COLOR_NAME = AccentColor;
				CODE_SIGN_STYLE = Automatic;
				DEVELOPMENT_TEAM = 5799BJQ5U6;
				INFOPLIST_FILE = "MVVM Nikita/Info.plist";
				LD_RUNPATH_SEARCH_PATHS = (
					"$(inherited)",
					"@executable_path/Frameworks",
				);
				PRODUCT_BUNDLE_IDENTIFIER = "nikitaseliverstov.MVVM-Nikita";
				PRODUCT_NAME = "$(TARGET_NAME)";
				SWIFT_VERSION = 5.0;
				TARGETED_DEVICE_FAMILY = "1,2";
			};
			name = Debug;
		};
		7DCBDC3E255AAEEB0037CB10 /* Release */ = {
			isa = XCBuildConfiguration;
			buildSettings = {
				ASSETCATALOG_COMPILER_APPICON_NAME = AppIcon;
				ASSETCATALOG_COMPILER_GLOBAL_ACCENT_COLOR_NAME = AccentColor;
				CODE_SIGN_STYLE = Automatic;
				DEVELOPMENT_TEAM = 5799BJQ5U6;
				INFOPLIST_FILE = "MVVM Nikita/Info.plist";
				LD_RUNPATH_SEARCH_PATHS = (
					"$(inherited)",
					"@executable_path/Frameworks",
				);
				PRODUCT_BUNDLE_IDENTIFIER = "nikitaseliverstov.MVVM-Nikita";
				PRODUCT_NAME = "$(TARGET_NAME)";
				SWIFT_VERSION = 5.0;
				TARGETED_DEVICE_FAMILY = "1,2";
			};
			name = Release;
		};
		7DCBDC40255AAEEB0037CB10 /* Debug */ = {
			isa = XCBuildConfiguration;
			buildSettings = {
				ALWAYS_EMBED_SWIFT_STANDARD_LIBRARIES = YES;
				BUNDLE_LOADER = "$(TEST_HOST)";
				CODE_SIGN_STYLE = Automatic;
				DEVELOPMENT_TEAM = 5799BJQ5U6;
				INFOPLIST_FILE = "MVVM NikitaTests/Info.plist";
				IPHONEOS_DEPLOYMENT_TARGET = 14.1;
				LD_RUNPATH_SEARCH_PATHS = (
					"$(inherited)",
					"@executable_path/Frameworks",
					"@loader_path/Frameworks",
				);
				PRODUCT_BUNDLE_IDENTIFIER = "nikitaseliverstov.MVVM-NikitaTests";
				PRODUCT_NAME = "$(TARGET_NAME)";
				SWIFT_VERSION = 5.0;
				TARGETED_DEVICE_FAMILY = "1,2";
				TEST_HOST = "$(BUILT_PRODUCTS_DIR)/MVVM Nikita.app/MVVM Nikita";
			};
			name = Debug;
		};
		7DCBDC41255AAEEB0037CB10 /* Release */ = {
			isa = XCBuildConfiguration;
			buildSettings = {
				ALWAYS_EMBED_SWIFT_STANDARD_LIBRARIES = YES;
				BUNDLE_LOADER = "$(TEST_HOST)";
				CODE_SIGN_STYLE = Automatic;
				DEVELOPMENT_TEAM = 5799BJQ5U6;
				INFOPLIST_FILE = "MVVM NikitaTests/Info.plist";
				IPHONEOS_DEPLOYMENT_TARGET = 14.1;
				LD_RUNPATH_SEARCH_PATHS = (
					"$(inherited)",
					"@executable_path/Frameworks",
					"@loader_path/Frameworks",
				);
				PRODUCT_BUNDLE_IDENTIFIER = "nikitaseliverstov.MVVM-NikitaTests";
				PRODUCT_NAME = "$(TARGET_NAME)";
				SWIFT_VERSION = 5.0;
				TARGETED_DEVICE_FAMILY = "1,2";
				TEST_HOST = "$(BUILT_PRODUCTS_DIR)/MVVM Nikita.app/MVVM Nikita";
			};
			name = Release;
		};
		7DCBDC43255AAEEB0037CB10 /* Debug */ = {
			isa = XCBuildConfiguration;
			buildSettings = {
				ALWAYS_EMBED_SWIFT_STANDARD_LIBRARIES = YES;
				CODE_SIGN_STYLE = Automatic;
				DEVELOPMENT_TEAM = 5799BJQ5U6;
				INFOPLIST_FILE = "MVVM NikitaUITests/Info.plist";
				LD_RUNPATH_SEARCH_PATHS = (
					"$(inherited)",
					"@executable_path/Frameworks",
					"@loader_path/Frameworks",
				);
				PRODUCT_BUNDLE_IDENTIFIER = "nikitaseliverstov.MVVM-NikitaUITests";
				PRODUCT_NAME = "$(TARGET_NAME)";
				SWIFT_VERSION = 5.0;
				TARGETED_DEVICE_FAMILY = "1,2";
				TEST_TARGET_NAME = "MVVM Nikita";
			};
			name = Debug;
		};
		7DCBDC44255AAEEB0037CB10 /* Release */ = {
			isa = XCBuildConfiguration;
			buildSettings = {
				ALWAYS_EMBED_SWIFT_STANDARD_LIBRARIES = YES;
				CODE_SIGN_STYLE = Automatic;
				DEVELOPMENT_TEAM = 5799BJQ5U6;
				INFOPLIST_FILE = "MVVM NikitaUITests/Info.plist";
				LD_RUNPATH_SEARCH_PATHS = (
					"$(inherited)",
					"@executable_path/Frameworks",
					"@loader_path/Frameworks",
				);
				PRODUCT_BUNDLE_IDENTIFIER = "nikitaseliverstov.MVVM-NikitaUITests";
				PRODUCT_NAME = "$(TARGET_NAME)";
				SWIFT_VERSION = 5.0;
				TARGETED_DEVICE_FAMILY = "1,2";
				TEST_TARGET_NAME = "MVVM Nikita";
			};
			name = Release;
		};
/* End XCBuildConfiguration section */

/* Begin XCConfigurationList section */
		7DCBDC0D255AAEE60037CB10 /* Build configuration list for PBXProject "MVVM Nikita" */ = {
			isa = XCConfigurationList;
			buildConfigurations = (
				7DCBDC3A255AAEEB0037CB10 /* Debug */,
				7DCBDC3B255AAEEB0037CB10 /* Release */,
			);
			defaultConfigurationIsVisible = 0;
			defaultConfigurationName = Release;
		};
		7DCBDC3C255AAEEB0037CB10 /* Build configuration list for PBXNativeTarget "MVVM Nikita" */ = {
			isa = XCConfigurationList;
			buildConfigurations = (
				7DCBDC3D255AAEEB0037CB10 /* Debug */,
				7DCBDC3E255AAEEB0037CB10 /* Release */,
			);
			defaultConfigurationIsVisible = 0;
			defaultConfigurationName = Release;
		};
		7DCBDC3F255AAEEB0037CB10 /* Build configuration list for PBXNativeTarget "MVVM NikitaTests" */ = {
			isa = XCConfigurationList;
			buildConfigurations = (
				7DCBDC40255AAEEB0037CB10 /* Debug */,
				7DCBDC41255AAEEB0037CB10 /* Release */,
			);
			defaultConfigurationIsVisible = 0;
			defaultConfigurationName = Release;
		};
		7DCBDC42255AAEEB0037CB10 /* Build configuration list for PBXNativeTarget "MVVM NikitaUITests" */ = {
			isa = XCConfigurationList;
			buildConfigurations = (
				7DCBDC43255AAEEB0037CB10 /* Debug */,
				7DCBDC44255AAEEB0037CB10 /* Release */,
			);
			defaultConfigurationIsVisible = 0;
			defaultConfigurationName = Release;
		};
/* End XCConfigurationList section */
	};
	rootObject = 7DCBDC0A255AAEE60037CB10 /* Project object */;
}
